// !$*UTF8*$!
{
	archiveVersion = 1;
	classes = {
	};
	objectVersion = 50;
	objects = {

/* Begin PBXBuildFile section */
		7F65066825B74D0500EB360D /* main.c in Sources */ = {isa = PBXBuildFile; fileRef = 7F65066725B74D0500EB360D /* main.c */; };
		7F65067125B74E5F00EB360D /* Lab 1.c in Sources */ = {isa = PBXBuildFile; fileRef = 7F65067025B74E5F00EB360D /* Lab 1.c */; };
		7F99069A25B7A86400925F2B /* Lab 2 Guided.c in Sources */ = {isa = PBXBuildFile; fileRef = 7F99069925B7A86400925F2B /* Lab 2 Guided.c */; };
		7F99069F25B7AF0800925F2B /* Lab 2.c in Sources */ = {isa = PBXBuildFile; fileRef = 7F99069E25B7AF0800925F2B /* Lab 2.c */; };
		7F9906AF25BB0FC100925F2B /* Lab 2 Functions.c in Sources */ = {isa = PBXBuildFile; fileRef = 7F9906AE25BB0FC000925F2B /* Lab 2 Functions.c */; };
/* End PBXBuildFile section */

/* Begin PBXCopyFilesBuildPhase section */
		7F65066225B74D0500EB360D /* CopyFiles */ = {
			isa = PBXCopyFilesBuildPhase;
			buildActionMask = 2147483647;
			dstPath = /usr/share/man/man1/;
			dstSubfolderSpec = 0;
			files = (
			);
			runOnlyForDeploymentPostprocessing = 1;
		};
/* End PBXCopyFilesBuildPhase section */

/* Begin PBXFileReference section */
		7F65066425B74D0500EB360D /* ES2C4 */ = {isa = PBXFileReference; explicitFileType = "compiled.mach-o.executable"; includeInIndex = 0; path = ES2C4; sourceTree = BUILT_PRODUCTS_DIR; };
		7F65066725B74D0500EB360D /* main.c */ = {isa = PBXFileReference; lastKnownFileType = sourcecode.c.c; path = main.c; sourceTree = "<group>"; };
		7F65066F25B74E5F00EB360D /* Lab 1.h */ = {isa = PBXFileReference; lastKnownFileType = sourcecode.c.h; path = "Lab 1.h"; sourceTree = "<group>"; };
		7F65067025B74E5F00EB360D /* Lab 1.c */ = {isa = PBXFileReference; lastKnownFileType = sourcecode.c.c; path = "Lab 1.c"; sourceTree = "<group>"; };
		7F99069825B7A86400925F2B /* Lab 2 Guided.h */ = {isa = PBXFileReference; lastKnownFileType = sourcecode.c.h; path = "Lab 2 Guided.h"; sourceTree = "<group>"; };
		7F99069925B7A86400925F2B /* Lab 2 Guided.c */ = {isa = PBXFileReference; lastKnownFileType = sourcecode.c.c; path = "Lab 2 Guided.c"; sourceTree = "<group>"; };
		7F99069D25B7AF0800925F2B /* Lab 2.h */ = {isa = PBXFileReference; lastKnownFileType = sourcecode.c.h; path = "Lab 2.h"; sourceTree = "<group>"; };
		7F99069E25B7AF0800925F2B /* Lab 2.c */ = {isa = PBXFileReference; lastKnownFileType = sourcecode.c.c; path = "Lab 2.c"; sourceTree = "<group>"; };
		7F9906AD25BB0FC000925F2B /* Lab 2 Functions.h */ = {isa = PBXFileReference; lastKnownFileType = sourcecode.c.h; path = "Lab 2 Functions.h"; sourceTree = "<group>"; };
		7F9906AE25BB0FC000925F2B /* Lab 2 Functions.c */ = {isa = PBXFileReference; lastKnownFileType = sourcecode.c.c; path = "Lab 2 Functions.c"; sourceTree = "<group>"; };
/* End PBXFileReference section */

/* Begin PBXFrameworksBuildPhase section */
		7F65066125B74D0500EB360D /* Frameworks */ = {
			isa = PBXFrameworksBuildPhase;
			buildActionMask = 2147483647;
			files = (
			);
			runOnlyForDeploymentPostprocessing = 0;
		};
/* End PBXFrameworksBuildPhase section */

/* Begin PBXGroup section */
		7F65065B25B74D0500EB360D = {
			isa = PBXGroup;
			children = (
				7F65066625B74D0500EB360D /* ES2C4 */,
				7F65066525B74D0500EB360D /* Products */,
			);
			sourceTree = "<group>";
		};
		7F65066525B74D0500EB360D /* Products */ = {
			isa = PBXGroup;
			children = (
				7F65066425B74D0500EB360D /* ES2C4 */,
			);
			name = Products;
			sourceTree = "<group>";
		};
		7F65066625B74D0500EB360D /* ES2C4 */ = {
			isa = PBXGroup;
			children = (
				7F65066725B74D0500EB360D /* main.c */,
				7F99069D25B7AF0800925F2B /* Lab 2.h */,
				7F9906AD25BB0FC000925F2B /* Lab 2 Functions.h */,
				7F9906AE25BB0FC000925F2B /* Lab 2 Functions.c */,
				7F99069E25B7AF0800925F2B /* Lab 2.c */,
				7F99069825B7A86400925F2B /* Lab 2 Guided.h */,
				7F99069925B7A86400925F2B /* Lab 2 Guided.c */,
				7F65066F25B74E5F00EB360D /* Lab 1.h */,
				7F65067025B74E5F00EB360D /* Lab 1.c */,
			);
			path = ES2C4;
			sourceTree = "<group>";
		};
/* End PBXGroup section */

/* Begin PBXNativeTarget section */
		7F65066325B74D0500EB360D /* ES2C4 */ = {
			isa = PBXNativeTarget;
			buildConfigurationList = 7F65066B25B74D0500EB360D /* Build configuration list for PBXNativeTarget "ES2C4" */;
			buildPhases = (
				7F65066025B74D0500EB360D /* Sources */,
				7F65066125B74D0500EB360D /* Frameworks */,
				7F65066225B74D0500EB360D /* CopyFiles */,
			);
			buildRules = (
			);
			dependencies = (
			);
			name = ES2C4;
			productName = ES2C4;
			productReference = 7F65066425B74D0500EB360D /* ES2C4 */;
			productType = "com.apple.product-type.tool";
		};
/* End PBXNativeTarget section */

/* Begin PBXProject section */
		7F65065C25B74D0500EB360D /* Project object */ = {
			isa = PBXProject;
			attributes = {
				LastUpgradeCheck = 1230;
				TargetAttributes = {
					7F65066325B74D0500EB360D = {
						CreatedOnToolsVersion = 12.3;
					};
				};
			};
			buildConfigurationList = 7F65065F25B74D0500EB360D /* Build configuration list for PBXProject "ES2C4" */;
			compatibilityVersion = "Xcode 9.3";
			developmentRegion = en;
			hasScannedForEncodings = 0;
			knownRegions = (
				en,
				Base,
			);
			mainGroup = 7F65065B25B74D0500EB360D;
			productRefGroup = 7F65066525B74D0500EB360D /* Products */;
			projectDirPath = "";
			projectRoot = "";
			targets = (
				7F65066325B74D0500EB360D /* ES2C4 */,
			);
		};
/* End PBXProject section */

/* Begin PBXSourcesBuildPhase section */
		7F65066025B74D0500EB360D /* Sources */ = {
			isa = PBXSourcesBuildPhase;
			buildActionMask = 2147483647;
			files = (
				7F99069A25B7A86400925F2B /* Lab 2 Guided.c in Sources */,
				7F99069F25B7AF0800925F2B /* Lab 2.c in Sources */,
				7F65067125B74E5F00EB360D /* Lab 1.c in Sources */,
				7F65066825B74D0500EB360D /* main.c in Sources */,
				7F9906AF25BB0FC100925F2B /* Lab 2 Functions.c in Sources */,
			);
			runOnlyForDeploymentPostprocessing = 0;
		};
/* End PBXSourcesBuildPhase section */

/* Begin XCBuildConfiguration section */
		7F65066925B74D0500EB360D /* Debug */ = {
			isa = XCBuildConfiguration;
			buildSettings = {
				ALWAYS_SEARCH_USER_PATHS = NO;
				CLANG_ANALYZER_NONNULL = YES;
				CLANG_ANALYZER_NUMBER_OBJECT_CONVERSION = YES_AGGRESSIVE;
				CLANG_CXX_LANGUAGE_STANDARD = "gnu++14";
				CLANG_CXX_LIBRARY = "libc++";
				CLANG_ENABLE_MODULES = YES;
				CLANG_ENABLE_OBJC_ARC = YES;
				CLANG_ENABLE_OBJC_WEAK = YES;
				CLANG_WARN_BLOCK_CAPTURE_AUTORELEASING = YES;
				CLANG_WARN_BOOL_CONVERSION = YES;
				CLANG_WARN_COMMA = YES;
				CLANG_WARN_CONSTANT_CONVERSION = YES;
				CLANG_WARN_DEPRECATED_OBJC_IMPLEMENTATIONS = YES;
				CLANG_WARN_DIRECT_OBJC_ISA_USAGE = YES_ERROR;
				CLANG_WARN_DOCUMENTATION_COMMENTS = YES;
				CLANG_WARN_EMPTY_BODY = YES;
				CLANG_WARN_ENUM_CONVERSION = YES;
				CLANG_WARN_INFINITE_RECURSION = YES;
				CLANG_WARN_INT_CONVERSION = YES;
				CLANG_WARN_NON_LITERAL_NULL_CONVERSION = YES;
				CLANG_WARN_OBJC_IMPLICIT_RETAIN_SELF = YES;
				CLANG_WARN_OBJC_LITERAL_CONVERSION = YES;
				CLANG_WARN_OBJC_ROOT_CLASS = YES_ERROR;
				CLANG_WARN_QUOTED_INCLUDE_IN_FRAMEWORK_HEADER = YES;
				CLANG_WARN_RANGE_LOOP_ANALYSIS = YES;
				CLANG_WARN_STRICT_PROTOTYPES = YES;
				CLANG_WARN_SUSPICIOUS_MOVE = YES;
				CLANG_WARN_UNGUARDED_AVAILABILITY = YES_AGGRESSIVE;
				CLANG_WARN_UNREACHABLE_CODE = YES;
				CLANG_WARN__DUPLICATE_METHOD_MATCH = YES;
				COPY_PHASE_STRIP = NO;
				DEBUG_INFORMATION_FORMAT = dwarf;
				ENABLE_STRICT_OBJC_MSGSEND = YES;
				ENABLE_TESTABILITY = YES;
				GCC_C_LANGUAGE_STANDARD = gnu11;
				GCC_DYNAMIC_NO_PIC = NO;
				GCC_NO_COMMON_BLOCKS = YES;
				GCC_OPTIMIZATION_LEVEL = 0;
				GCC_PREPROCESSOR_DEFINITIONS = (
					"DEBUG=1",
					"$(inherited)",
				);
				GCC_WARN_64_TO_32_BIT_CONVERSION = YES;
				GCC_WARN_ABOUT_RETURN_TYPE = YES_ERROR;
				GCC_WARN_UNDECLARED_SELECTOR = YES;
				GCC_WARN_UNINITIALIZED_AUTOS = YES_AGGRESSIVE;
				GCC_WARN_UNUSED_FUNCTION = YES;
				GCC_WARN_UNUSED_VARIABLE = YES;
				MACOSX_DEPLOYMENT_TARGET = 11.1;
				MTL_ENABLE_DEBUG_INFO = INCLUDE_SOURCE;
				MTL_FAST_MATH = YES;
				ONLY_ACTIVE_ARCH = YES;
				SDKROOT = macosx;
			};
			name = Debug;
		};
		7F65066A25B74D0500EB360D /* Release */ = {
			isa = XCBuildConfiguration;
			buildSettings = {
				ALWAYS_SEARCH_USER_PATHS = NO;
				CLANG_ANALYZER_NONNULL = YES;
				CLANG_ANALYZER_NUMBER_OBJECT_CONVERSION = YES_AGGRESSIVE;
				CLANG_CXX_LANGUAGE_STANDARD = "gnu++14";
				CLANG_CXX_LIBRARY = "libc++";
				CLANG_ENABLE_MODULES = YES;
				CLANG_ENABLE_OBJC_ARC = YES;
				CLANG_ENABLE_OBJC_WEAK = YES;
				CLANG_WARN_BLOCK_CAPTURE_AUTORELEASING = YES;
				CLANG_WARN_BOOL_CONVERSION = YES;
				CLANG_WARN_COMMA = YES;
				CLANG_WARN_CONSTANT_CONVERSION = YES;
				CLANG_WARN_DEPRECATED_OBJC_IMPLEMENTATIONS = YES;
				CLANG_WARN_DIRECT_OBJC_ISA_USAGE = YES_ERROR;
				CLANG_WARN_DOCUMENTATION_COMMENTS = YES;
				CLANG_WARN_EMPTY_BODY = YES;
				CLANG_WARN_ENUM_CONVERSION = YES;
				CLANG_WARN_INFINITE_RECURSION = YES;
				CLANG_WARN_INT_CONVERSION = YES;
				CLANG_WARN_NON_LITERAL_NULL_CONVERSION = YES;
				CLANG_WARN_OBJC_IMPLICIT_RETAIN_SELF = YES;
				CLANG_WARN_OBJC_LITERAL_CONVERSION = YES;
				CLANG_WARN_OBJC_ROOT_CLASS = YES_ERROR;
				CLANG_WARN_QUOTED_INCLUDE_IN_FRAMEWORK_HEADER = YES;
				CLANG_WARN_RANGE_LOOP_ANALYSIS = YES;
				CLANG_WARN_STRICT_PROTOTYPES = YES;
				CLANG_WARN_SUSPICIOUS_MOVE = YES;
				CLANG_WARN_UNGUARDED_AVAILABILITY = YES_AGGRESSIVE;
				CLANG_WARN_UNREACHABLE_CODE = YES;
				CLANG_WARN__DUPLICATE_METHOD_MATCH = YES;
				COPY_PHASE_STRIP = NO;
				DEBUG_INFORMATION_FORMAT = "dwarf-with-dsym";
				ENABLE_NS_ASSERTIONS = NO;
				ENABLE_STRICT_OBJC_MSGSEND = YES;
				GCC_C_LANGUAGE_STANDARD = gnu11;
				GCC_NO_COMMON_BLOCKS = YES;
				GCC_WARN_64_TO_32_BIT_CONVERSION = YES;
				GCC_WARN_ABOUT_RETURN_TYPE = YES_ERROR;
				GCC_WARN_UNDECLARED_SELECTOR = YES;
				GCC_WARN_UNINITIALIZED_AUTOS = YES_AGGRESSIVE;
				GCC_WARN_UNUSED_FUNCTION = YES;
				GCC_WARN_UNUSED_VARIABLE = YES;
				MACOSX_DEPLOYMENT_TARGET = 11.1;
				MTL_ENABLE_DEBUG_INFO = NO;
				MTL_FAST_MATH = YES;
				SDKROOT = macosx;
			};
			name = Release;
		};
		7F65066C25B74D0500EB360D /* Debug */ = {
			isa = XCBuildConfiguration;
			buildSettings = {
				CODE_SIGN_STYLE = Automatic;
				GCC_VERSION = "";
				PRODUCT_NAME = "$(TARGET_NAME)";
			};
			name = Debug;
		};
		7F65066D25B74D0500EB360D /* Release */ = {
			isa = XCBuildConfiguration;
			buildSettings = {
				CODE_SIGN_STYLE = Automatic;
				GCC_VERSION = "";
				PRODUCT_NAME = "$(TARGET_NAME)";
			};
			name = Release;
		};
/* End XCBuildConfiguration section */

/* Begin XCConfigurationList section */
		7F65065F25B74D0500EB360D /* Build configuration list for PBXProject "ES2C4" */ = {
			isa = XCConfigurationList;
			buildConfigurations = (
				7F65066925B74D0500EB360D /* Debug */,
				7F65066A25B74D0500EB360D /* Release */,
			);
			defaultConfigurationIsVisible = 0;
			defaultConfigurationName = Release;
		};
		7F65066B25B74D0500EB360D /* Build configuration list for PBXNativeTarget "ES2C4" */ = {
			isa = XCConfigurationList;
			buildConfigurations = (
				7F65066C25B74D0500EB360D /* Debug */,
				7F65066D25B74D0500EB360D /* Release */,
			);
			defaultConfigurationIsVisible = 0;
			defaultConfigurationName = Release;
		};
/* End XCConfigurationList section */
	};
	rootObject = 7F65065C25B74D0500EB360D /* Project object */;
}
