// !$*UTF8*$!
{
	archiveVersion = 1;
	classes = {
	};
	objectVersion = 50;
	objects = {

/* Begin PBXBuildFile section */
		7F51E19725C4519E00B87EB1 /* main.c in Sources */ = {isa = PBXBuildFile; fileRef = 7F51E19625C4519E00B87EB1 /* main.c */; };
		7F51E1A825C45AD600B87EB1 /* Helper Functions.c in Sources */ = {isa = PBXBuildFile; fileRef = 7F51E1A725C45AD600B87EB1 /* Helper Functions.c */; };
		7F51E1B525C4691800B87EB1 /* Quick Sort.c in Sources */ = {isa = PBXBuildFile; fileRef = 7F51E1B425C4691800B87EB1 /* Quick Sort.c */; };
		7F65066825B74D0500EB360D /* main.c in Sources */ = {isa = PBXBuildFile; fileRef = 7F65066725B74D0500EB360D /* main.c */; };
		7F65067125B74E5F00EB360D /* Lab 1.c in Sources */ = {isa = PBXBuildFile; fileRef = 7F65067025B74E5F00EB360D /* Lab 1.c */; };
		7F73FC5C25C4706C00BF96E7 /* main.c in Sources */ = {isa = PBXBuildFile; fileRef = 7F73FC5B25C4706C00BF96E7 /* main.c */; };
		7FE3E46125C44B47004E6A7F /* main.c in Sources */ = {isa = PBXBuildFile; fileRef = 7FE3E46025C44B47004E6A7F /* main.c */; };
		7FE3E47025C44C37004E6A7F /* main.c in Sources */ = {isa = PBXBuildFile; fileRef = 7FE3E46F25C44C37004E6A7F /* main.c */; };
		7FE3E47A25C44C5D004E6A7F /* Lab 2 Guided.c in Sources */ = {isa = PBXBuildFile; fileRef = 7F99069925B7A86400925F2B /* Lab 2 Guided.c */; };
		7FE3E48525C44C67004E6A7F /* main.c in Sources */ = {isa = PBXBuildFile; fileRef = 7FE3E48425C44C67004E6A7F /* main.c */; };
		7FE3E48D25C44C9D004E6A7F /* Lab 2.c in Sources */ = {isa = PBXBuildFile; fileRef = 7F99069E25B7AF0800925F2B /* Lab 2.c */; };
		7FE3E48E25C44C9D004E6A7F /* Lab 2 Functions.c in Sources */ = {isa = PBXBuildFile; fileRef = 7F9906AE25BB0FC000925F2B /* Lab 2 Functions.c */; };
/* End PBXBuildFile section */

/* Begin PBXCopyFilesBuildPhase section */
		7F51E19225C4519E00B87EB1 /* CopyFiles */ = {
			isa = PBXCopyFilesBuildPhase;
			buildActionMask = 2147483647;
			dstPath = /usr/share/man/man1/;
			dstSubfolderSpec = 0;
			files = (
			);
			runOnlyForDeploymentPostprocessing = 1;
		};
		7F65066225B74D0500EB360D /* CopyFiles */ = {
			isa = PBXCopyFilesBuildPhase;
			buildActionMask = 2147483647;
			dstPath = /usr/share/man/man1/;
			dstSubfolderSpec = 0;
			files = (
			);
			runOnlyForDeploymentPostprocessing = 1;
		};
		7F73FC5725C4706C00BF96E7 /* CopyFiles */ = {
			isa = PBXCopyFilesBuildPhase;
			buildActionMask = 2147483647;
			dstPath = /usr/share/man/man1/;
			dstSubfolderSpec = 0;
			files = (
			);
			runOnlyForDeploymentPostprocessing = 1;
		};
		7FE3E45C25C44B47004E6A7F /* CopyFiles */ = {
			isa = PBXCopyFilesBuildPhase;
			buildActionMask = 2147483647;
			dstPath = /usr/share/man/man1/;
			dstSubfolderSpec = 0;
			files = (
			);
			runOnlyForDeploymentPostprocessing = 1;
		};
		7FE3E46B25C44C37004E6A7F /* CopyFiles */ = {
			isa = PBXCopyFilesBuildPhase;
			buildActionMask = 2147483647;
			dstPath = /usr/share/man/man1/;
			dstSubfolderSpec = 0;
			files = (
			);
			runOnlyForDeploymentPostprocessing = 1;
		};
		7FE3E48025C44C67004E6A7F /* CopyFiles */ = {
			isa = PBXCopyFilesBuildPhase;
			buildActionMask = 2147483647;
			dstPath = /usr/share/man/man1/;
			dstSubfolderSpec = 0;
			files = (
			);
			runOnlyForDeploymentPostprocessing = 1;
		};
/* End PBXCopyFilesBuildPhase section */

/* Begin PBXFileReference section */
		7F51E19425C4519E00B87EB1 /* Lab 3 */ = {isa = PBXFileReference; explicitFileType = "compiled.mach-o.executable"; includeInIndex = 0; path = "Lab 3"; sourceTree = BUILT_PRODUCTS_DIR; };
		7F51E19625C4519E00B87EB1 /* main.c */ = {isa = PBXFileReference; lastKnownFileType = sourcecode.c.c; path = main.c; sourceTree = "<group>"; };
		7F51E1A625C45AD600B87EB1 /* Helper Functions.h */ = {isa = PBXFileReference; lastKnownFileType = sourcecode.c.h; path = "Helper Functions.h"; sourceTree = "<group>"; };
		7F51E1A725C45AD600B87EB1 /* Helper Functions.c */ = {isa = PBXFileReference; lastKnownFileType = sourcecode.c.c; path = "Helper Functions.c"; sourceTree = "<group>"; };
		7F51E1B325C4691800B87EB1 /* Quick Sort.h */ = {isa = PBXFileReference; lastKnownFileType = sourcecode.c.h; path = "Quick Sort.h"; sourceTree = "<group>"; };
		7F51E1B425C4691800B87EB1 /* Quick Sort.c */ = {isa = PBXFileReference; lastKnownFileType = sourcecode.c.c; path = "Quick Sort.c"; sourceTree = "<group>"; };
		7F65066425B74D0500EB360D /* Lab 1 */ = {isa = PBXFileReference; explicitFileType = "compiled.mach-o.executable"; includeInIndex = 0; path = "Lab 1"; sourceTree = BUILT_PRODUCTS_DIR; };
		7F65066725B74D0500EB360D /* main.c */ = {isa = PBXFileReference; lastKnownFileType = sourcecode.c.c; path = main.c; sourceTree = "<group>"; };
		7F65066F25B74E5F00EB360D /* Lab 1.h */ = {isa = PBXFileReference; lastKnownFileType = sourcecode.c.h; path = "Lab 1.h"; sourceTree = "<group>"; };
		7F65067025B74E5F00EB360D /* Lab 1.c */ = {isa = PBXFileReference; lastKnownFileType = sourcecode.c.c; path = "Lab 1.c"; sourceTree = "<group>"; };
		7F73FC5925C4706C00BF96E7 /* Assessment 1 Task 1 */ = {isa = PBXFileReference; explicitFileType = "compiled.mach-o.executable"; includeInIndex = 0; path = "Assessment 1 Task 1"; sourceTree = BUILT_PRODUCTS_DIR; };
		7F73FC5B25C4706C00BF96E7 /* main.c */ = {isa = PBXFileReference; lastKnownFileType = sourcecode.c.c; path = main.c; sourceTree = "<group>"; };
		7F99069825B7A86400925F2B /* Lab 2 Guided.h */ = {isa = PBXFileReference; lastKnownFileType = sourcecode.c.h; path = "Lab 2 Guided.h"; sourceTree = "<group>"; };
		7F99069925B7A86400925F2B /* Lab 2 Guided.c */ = {isa = PBXFileReference; lastKnownFileType = sourcecode.c.c; path = "Lab 2 Guided.c"; sourceTree = "<group>"; };
		7F99069D25B7AF0800925F2B /* Lab 2.h */ = {isa = PBXFileReference; lastKnownFileType = sourcecode.c.h; path = "Lab 2.h"; sourceTree = "<group>"; };
		7F99069E25B7AF0800925F2B /* Lab 2.c */ = {isa = PBXFileReference; lastKnownFileType = sourcecode.c.c; path = "Lab 2.c"; sourceTree = "<group>"; };
		7F9906AD25BB0FC000925F2B /* Lab 2 Functions.h */ = {isa = PBXFileReference; lastKnownFileType = sourcecode.c.h; path = "Lab 2 Functions.h"; sourceTree = "<group>"; };
		7F9906AE25BB0FC000925F2B /* Lab 2 Functions.c */ = {isa = PBXFileReference; lastKnownFileType = sourcecode.c.c; path = "Lab 2 Functions.c"; sourceTree = "<group>"; };
		7FE3E45E25C44B47004E6A7F /* Lab 3 Guided */ = {isa = PBXFileReference; explicitFileType = "compiled.mach-o.executable"; includeInIndex = 0; path = "Lab 3 Guided"; sourceTree = BUILT_PRODUCTS_DIR; };
		7FE3E46025C44B47004E6A7F /* main.c */ = {isa = PBXFileReference; lastKnownFileType = sourcecode.c.c; path = main.c; sourceTree = "<group>"; };
		7FE3E46D25C44C37004E6A7F /* Lab 2 Guided */ = {isa = PBXFileReference; explicitFileType = "compiled.mach-o.executable"; includeInIndex = 0; path = "Lab 2 Guided"; sourceTree = BUILT_PRODUCTS_DIR; };
		7FE3E46F25C44C37004E6A7F /* main.c */ = {isa = PBXFileReference; lastKnownFileType = sourcecode.c.c; path = main.c; sourceTree = "<group>"; };
		7FE3E48225C44C67004E6A7F /* Lab 2 */ = {isa = PBXFileReference; explicitFileType = "compiled.mach-o.executable"; includeInIndex = 0; path = "Lab 2"; sourceTree = BUILT_PRODUCTS_DIR; };
		7FE3E48425C44C67004E6A7F /* main.c */ = {isa = PBXFileReference; lastKnownFileType = sourcecode.c.c; path = main.c; sourceTree = "<group>"; };
/* End PBXFileReference section */

/* Begin PBXFrameworksBuildPhase section */
		7F51E19125C4519E00B87EB1 /* Frameworks */ = {
			isa = PBXFrameworksBuildPhase;
			buildActionMask = 2147483647;
			files = (
			);
			runOnlyForDeploymentPostprocessing = 0;
		};
		7F65066125B74D0500EB360D /* Frameworks */ = {
			isa = PBXFrameworksBuildPhase;
			buildActionMask = 2147483647;
			files = (
			);
			runOnlyForDeploymentPostprocessing = 0;
		};
		7F73FC5625C4706C00BF96E7 /* Frameworks */ = {
			isa = PBXFrameworksBuildPhase;
			buildActionMask = 2147483647;
			files = (
			);
			runOnlyForDeploymentPostprocessing = 0;
		};
		7FE3E45B25C44B47004E6A7F /* Frameworks */ = {
			isa = PBXFrameworksBuildPhase;
			buildActionMask = 2147483647;
			files = (
			);
			runOnlyForDeploymentPostprocessing = 0;
		};
		7FE3E46A25C44C37004E6A7F /* Frameworks */ = {
			isa = PBXFrameworksBuildPhase;
			buildActionMask = 2147483647;
			files = (
			);
			runOnlyForDeploymentPostprocessing = 0;
		};
		7FE3E47F25C44C67004E6A7F /* Frameworks */ = {
			isa = PBXFrameworksBuildPhase;
			buildActionMask = 2147483647;
			files = (
			);
			runOnlyForDeploymentPostprocessing = 0;
		};
/* End PBXFrameworksBuildPhase section */

/* Begin PBXGroup section */
		7F51E19525C4519E00B87EB1 /* Lab 3 */ = {
			isa = PBXGroup;
			children = (
				7F51E19625C4519E00B87EB1 /* main.c */,
				7F51E1A625C45AD600B87EB1 /* Helper Functions.h */,
				7F51E1A725C45AD600B87EB1 /* Helper Functions.c */,
				7F51E1B325C4691800B87EB1 /* Quick Sort.h */,
				7F51E1B425C4691800B87EB1 /* Quick Sort.c */,
			);
			path = "Lab 3";
			sourceTree = "<group>";
		};
		7F65065B25B74D0500EB360D = {
			isa = PBXGroup;
			children = (
				7F65066625B74D0500EB360D /* Lab 1 */,
				7FE3E46E25C44C37004E6A7F /* Lab 2 Guided */,
				7FE3E48325C44C67004E6A7F /* Lab 2 */,
				7FE3E45F25C44B47004E6A7F /* Lab 3 Guided */,
				7F51E19525C4519E00B87EB1 /* Lab 3 */,
				7F73FC5A25C4706C00BF96E7 /* Assessment 1 Task 1 */,
				7F65066525B74D0500EB360D /* Products */,
			);
			sourceTree = "<group>";
		};
		7F65066525B74D0500EB360D /* Products */ = {
			isa = PBXGroup;
			children = (
				7F65066425B74D0500EB360D /* Lab 1 */,
				7FE3E45E25C44B47004E6A7F /* Lab 3 Guided */,
				7FE3E46D25C44C37004E6A7F /* Lab 2 Guided */,
				7FE3E48225C44C67004E6A7F /* Lab 2 */,
				7F51E19425C4519E00B87EB1 /* Lab 3 */,
				7F73FC5925C4706C00BF96E7 /* Assessment 1 Task 1 */,
			);
			name = Products;
			sourceTree = "<group>";
		};
		7F65066625B74D0500EB360D /* Lab 1 */ = {
			isa = PBXGroup;
			children = (
				7F65066725B74D0500EB360D /* main.c */,
				7F65066F25B74E5F00EB360D /* Lab 1.h */,
				7F65067025B74E5F00EB360D /* Lab 1.c */,
			);
			path = "Lab 1";
			sourceTree = "<group>";
		};
		7F73FC5A25C4706C00BF96E7 /* Assessment 1 Task 1 */ = {
			isa = PBXGroup;
			children = (
				7F73FC5B25C4706C00BF96E7 /* main.c */,
			);
			path = "Assessment 1 Task 1";
			sourceTree = "<group>";
		};
		7FE3E45F25C44B47004E6A7F /* Lab 3 Guided */ = {
			isa = PBXGroup;
			children = (
				7FE3E46025C44B47004E6A7F /* main.c */,
			);
			path = "Lab 3 Guided";
			sourceTree = "<group>";
		};
		7FE3E46E25C44C37004E6A7F /* Lab 2 Guided */ = {
			isa = PBXGroup;
			children = (
				7F99069825B7A86400925F2B /* Lab 2 Guided.h */,
				7F99069925B7A86400925F2B /* Lab 2 Guided.c */,
				7FE3E46F25C44C37004E6A7F /* main.c */,
			);
			path = "Lab 2 Guided";
			sourceTree = "<group>";
		};
		7FE3E48325C44C67004E6A7F /* Lab 2 */ = {
			isa = PBXGroup;
			children = (
				7F99069D25B7AF0800925F2B /* Lab 2.h */,
				7F9906AD25BB0FC000925F2B /* Lab 2 Functions.h */,
				7F9906AE25BB0FC000925F2B /* Lab 2 Functions.c */,
				7F99069E25B7AF0800925F2B /* Lab 2.c */,
				7FE3E48425C44C67004E6A7F /* main.c */,
			);
			path = "Lab 2";
			sourceTree = "<group>";
		};
/* End PBXGroup section */

/* Begin PBXNativeTarget section */
		7F51E19325C4519E00B87EB1 /* Lab 3 */ = {
			isa = PBXNativeTarget;
			buildConfigurationList = 7F51E19A25C4519E00B87EB1 /* Build configuration list for PBXNativeTarget "Lab 3" */;
			buildPhases = (
				7F51E19025C4519E00B87EB1 /* Sources */,
				7F51E19125C4519E00B87EB1 /* Frameworks */,
				7F51E19225C4519E00B87EB1 /* CopyFiles */,
			);
			buildRules = (
			);
			dependencies = (
			);
			name = "Lab 3";
			productName = "Lab 3";
			productReference = 7F51E19425C4519E00B87EB1 /* Lab 3 */;
			productType = "com.apple.product-type.tool";
		};
		7F65066325B74D0500EB360D /* Lab 1 */ = {
			isa = PBXNativeTarget;
			buildConfigurationList = 7F65066B25B74D0500EB360D /* Build configuration list for PBXNativeTarget "Lab 1" */;
			buildPhases = (
				7F65066025B74D0500EB360D /* Sources */,
				7F65066125B74D0500EB360D /* Frameworks */,
				7F65066225B74D0500EB360D /* CopyFiles */,
			);
			buildRules = (
			);
			dependencies = (
			);
			name = "Lab 1";
			productName = ES2C4;
			productReference = 7F65066425B74D0500EB360D /* Lab 1 */;
			productType = "com.apple.product-type.tool";
		};
		7F73FC5825C4706C00BF96E7 /* Assessment 1 Task 1 */ = {
			isa = PBXNativeTarget;
			buildConfigurationList = 7F73FC5F25C4706C00BF96E7 /* Build configuration list for PBXNativeTarget "Assessment 1 Task 1" */;
			buildPhases = (
				7F73FC5525C4706C00BF96E7 /* Sources */,
				7F73FC5625C4706C00BF96E7 /* Frameworks */,
				7F73FC5725C4706C00BF96E7 /* CopyFiles */,
			);
			buildRules = (
			);
			dependencies = (
			);
			name = "Assessment 1 Task 1";
			productName = "Assessment 1 Task 1";
			productReference = 7F73FC5925C4706C00BF96E7 /* Assessment 1 Task 1 */;
			productType = "com.apple.product-type.tool";
		};
		7FE3E45D25C44B47004E6A7F /* Lab 3 Guided */ = {
			isa = PBXNativeTarget;
			buildConfigurationList = 7FE3E46425C44B47004E6A7F /* Build configuration list for PBXNativeTarget "Lab 3 Guided" */;
			buildPhases = (
				7FE3E45A25C44B47004E6A7F /* Sources */,
				7FE3E45B25C44B47004E6A7F /* Frameworks */,
				7FE3E45C25C44B47004E6A7F /* CopyFiles */,
			);
			buildRules = (
			);
			dependencies = (
			);
			name = "Lab 3 Guided";
			productName = "Lab 3 Guided";
			productReference = 7FE3E45E25C44B47004E6A7F /* Lab 3 Guided */;
			productType = "com.apple.product-type.tool";
		};
		7FE3E46C25C44C37004E6A7F /* Lab 2 Guided */ = {
			isa = PBXNativeTarget;
			buildConfigurationList = 7FE3E47125C44C37004E6A7F /* Build configuration list for PBXNativeTarget "Lab 2 Guided" */;
			buildPhases = (
				7FE3E46925C44C37004E6A7F /* Sources */,
				7FE3E46A25C44C37004E6A7F /* Frameworks */,
				7FE3E46B25C44C37004E6A7F /* CopyFiles */,
			);
			buildRules = (
			);
			dependencies = (
			);
			name = "Lab 2 Guided";
			productName = "Lab 2 Guided";
			productReference = 7FE3E46D25C44C37004E6A7F /* Lab 2 Guided */;
			productType = "com.apple.product-type.tool";
		};
		7FE3E48125C44C67004E6A7F /* Lab 2 */ = {
			isa = PBXNativeTarget;
			buildConfigurationList = 7FE3E48625C44C67004E6A7F /* Build configuration list for PBXNativeTarget "Lab 2" */;
			buildPhases = (
				7FE3E47E25C44C67004E6A7F /* Sources */,
				7FE3E47F25C44C67004E6A7F /* Frameworks */,
				7FE3E48025C44C67004E6A7F /* CopyFiles */,
			);
			buildRules = (
			);
			dependencies = (
			);
			name = "Lab 2";
			productName = "Lab 2";
			productReference = 7FE3E48225C44C67004E6A7F /* Lab 2 */;
			productType = "com.apple.product-type.tool";
		};
/* End PBXNativeTarget section */

/* Begin PBXProject section */
		7F65065C25B74D0500EB360D /* Project object */ = {
			isa = PBXProject;
			attributes = {
				LastUpgradeCheck = 1230;
				TargetAttributes = {
					7F51E19325C4519E00B87EB1 = {
						CreatedOnToolsVersion = 12.3;
					};
					7F65066325B74D0500EB360D = {
						CreatedOnToolsVersion = 12.3;
					};
					7F73FC5825C4706C00BF96E7 = {
						CreatedOnToolsVersion = 12.3;
					};
					7FE3E45D25C44B47004E6A7F = {
						CreatedOnToolsVersion = 12.3;
					};
					7FE3E46C25C44C37004E6A7F = {
						CreatedOnToolsVersion = 12.3;
					};
					7FE3E48125C44C67004E6A7F = {
						CreatedOnToolsVersion = 12.3;
					};
				};
			};
			buildConfigurationList = 7F65065F25B74D0500EB360D /* Build configuration list for PBXProject "ES2C4" */;
			compatibilityVersion = "Xcode 9.3";
			developmentRegion = en;
			hasScannedForEncodings = 0;
			knownRegions = (
				en,
				Base,
			);
			mainGroup = 7F65065B25B74D0500EB360D;
			productRefGroup = 7F65066525B74D0500EB360D /* Products */;
			projectDirPath = "";
			projectRoot = "";
			targets = (
				7F65066325B74D0500EB360D /* Lab 1 */,
				7FE3E46C25C44C37004E6A7F /* Lab 2 Guided */,
				7FE3E48125C44C67004E6A7F /* Lab 2 */,
				7FE3E45D25C44B47004E6A7F /* Lab 3 Guided */,
				7F51E19325C4519E00B87EB1 /* Lab 3 */,
				7F73FC5825C4706C00BF96E7 /* Assessment 1 Task 1 */,
			);
		};
/* End PBXProject section */

/* Begin PBXSourcesBuildPhase section */
		7F51E19025C4519E00B87EB1 /* Sources */ = {
			isa = PBXSourcesBuildPhase;
			buildActionMask = 2147483647;
			files = (
				7F51E1B525C4691800B87EB1 /* Quick Sort.c in Sources */,
				7F51E1A825C45AD600B87EB1 /* Helper Functions.c in Sources */,
				7F51E19725C4519E00B87EB1 /* main.c in Sources */,
			);
			runOnlyForDeploymentPostprocessing = 0;
		};
		7F65066025B74D0500EB360D /* Sources */ = {
			isa = PBXSourcesBuildPhase;
			buildActionMask = 2147483647;
			files = (
				7F65067125B74E5F00EB360D /* Lab 1.c in Sources */,
				7F65066825B74D0500EB360D /* main.c in Sources */,
			);
			runOnlyForDeploymentPostprocessing = 0;
		};
		7F73FC5525C4706C00BF96E7 /* Sources */ = {
			isa = PBXSourcesBuildPhase;
			buildActionMask = 2147483647;
			files = (
				7F73FC5C25C4706C00BF96E7 /* main.c in Sources */,
			);
			runOnlyForDeploymentPostprocessing = 0;
		};
		7FE3E45A25C44B47004E6A7F /* Sources */ = {
			isa = PBXSourcesBuildPhase;
			buildActionMask = 2147483647;
			files = (
				7FE3E46125C44B47004E6A7F /* main.c in Sources */,
			);
			runOnlyForDeploymentPostprocessing = 0;
		};
		7FE3E46925C44C37004E6A7F /* Sources */ = {
			isa = PBXSourcesBuildPhase;
			buildActionMask = 2147483647;
			files = (
				7FE3E47A25C44C5D004E6A7F /* Lab 2 Guided.c in Sources */,
				7FE3E47025C44C37004E6A7F /* main.c in Sources */,
			);
			runOnlyForDeploymentPostprocessing = 0;
		};
		7FE3E47E25C44C67004E6A7F /* Sources */ = {
			isa = PBXSourcesBuildPhase;
			buildActionMask = 2147483647;
			files = (
				7FE3E48525C44C67004E6A7F /* main.c in Sources */,
				7FE3E48D25C44C9D004E6A7F /* Lab 2.c in Sources */,
				7FE3E48E25C44C9D004E6A7F /* Lab 2 Functions.c in Sources */,
			);
			runOnlyForDeploymentPostprocessing = 0;
		};
/* End PBXSourcesBuildPhase section */

/* Begin XCBuildConfiguration section */
		7F51E19825C4519E00B87EB1 /* Debug */ = {
			isa = XCBuildConfiguration;
			buildSettings = {
				CODE_SIGN_STYLE = Automatic;
				PRODUCT_NAME = "$(TARGET_NAME)";
			};
			name = Debug;
		};
		7F51E19925C4519E00B87EB1 /* Release */ = {
			isa = XCBuildConfiguration;
			buildSettings = {
				CODE_SIGN_STYLE = Automatic;
				PRODUCT_NAME = "$(TARGET_NAME)";
			};
			name = Release;
		};
		7F65066925B74D0500EB360D /* Debug */ = {
			isa = XCBuildConfiguration;
			buildSettings = {
				ALWAYS_SEARCH_USER_PATHS = NO;
				CLANG_ANALYZER_NONNULL = YES;
				CLANG_ANALYZER_NUMBER_OBJECT_CONVERSION = YES_AGGRESSIVE;
				CLANG_CXX_LANGUAGE_STANDARD = "gnu++14";
				CLANG_CXX_LIBRARY = "libc++";
				CLANG_ENABLE_MODULES = YES;
				CLANG_ENABLE_OBJC_ARC = YES;
				CLANG_ENABLE_OBJC_WEAK = YES;
				CLANG_WARN_BLOCK_CAPTURE_AUTORELEASING = YES;
				CLANG_WARN_BOOL_CONVERSION = YES;
				CLANG_WARN_COMMA = YES;
				CLANG_WARN_CONSTANT_CONVERSION = YES;
				CLANG_WARN_DEPRECATED_OBJC_IMPLEMENTATIONS = YES;
				CLANG_WARN_DIRECT_OBJC_ISA_USAGE = YES_ERROR;
				CLANG_WARN_DOCUMENTATION_COMMENTS = YES;
				CLANG_WARN_EMPTY_BODY = YES;
				CLANG_WARN_ENUM_CONVERSION = YES;
				CLANG_WARN_INFINITE_RECURSION = YES;
				CLANG_WARN_INT_CONVERSION = YES;
				CLANG_WARN_NON_LITERAL_NULL_CONVERSION = YES;
				CLANG_WARN_OBJC_IMPLICIT_RETAIN_SELF = YES;
				CLANG_WARN_OBJC_LITERAL_CONVERSION = YES;
				CLANG_WARN_OBJC_ROOT_CLASS = YES_ERROR;
				CLANG_WARN_QUOTED_INCLUDE_IN_FRAMEWORK_HEADER = YES;
				CLANG_WARN_RANGE_LOOP_ANALYSIS = YES;
				CLANG_WARN_STRICT_PROTOTYPES = YES;
				CLANG_WARN_SUSPICIOUS_MOVE = YES;
				CLANG_WARN_UNGUARDED_AVAILABILITY = YES_AGGRESSIVE;
				CLANG_WARN_UNREACHABLE_CODE = YES;
				CLANG_WARN__DUPLICATE_METHOD_MATCH = YES;
				COPY_PHASE_STRIP = NO;
				DEBUG_INFORMATION_FORMAT = dwarf;
				ENABLE_STRICT_OBJC_MSGSEND = YES;
				ENABLE_TESTABILITY = YES;
				GCC_C_LANGUAGE_STANDARD = gnu11;
				GCC_DYNAMIC_NO_PIC = NO;
				GCC_NO_COMMON_BLOCKS = YES;
				GCC_OPTIMIZATION_LEVEL = 0;
				GCC_PREPROCESSOR_DEFINITIONS = (
					"DEBUG=1",
					"$(inherited)",
				);
				GCC_WARN_64_TO_32_BIT_CONVERSION = YES;
				GCC_WARN_ABOUT_RETURN_TYPE = YES_ERROR;
				GCC_WARN_UNDECLARED_SELECTOR = YES;
				GCC_WARN_UNINITIALIZED_AUTOS = YES_AGGRESSIVE;
				GCC_WARN_UNUSED_FUNCTION = YES;
				GCC_WARN_UNUSED_VARIABLE = YES;
				MACOSX_DEPLOYMENT_TARGET = 11.1;
				MTL_ENABLE_DEBUG_INFO = INCLUDE_SOURCE;
				MTL_FAST_MATH = YES;
				ONLY_ACTIVE_ARCH = YES;
				SDKROOT = macosx;
			};
			name = Debug;
		};
		7F65066A25B74D0500EB360D /* Release */ = {
			isa = XCBuildConfiguration;
			buildSettings = {
				ALWAYS_SEARCH_USER_PATHS = NO;
				CLANG_ANALYZER_NONNULL = YES;
				CLANG_ANALYZER_NUMBER_OBJECT_CONVERSION = YES_AGGRESSIVE;
				CLANG_CXX_LANGUAGE_STANDARD = "gnu++14";
				CLANG_CXX_LIBRARY = "libc++";
				CLANG_ENABLE_MODULES = YES;
				CLANG_ENABLE_OBJC_ARC = YES;
				CLANG_ENABLE_OBJC_WEAK = YES;
				CLANG_WARN_BLOCK_CAPTURE_AUTORELEASING = YES;
				CLANG_WARN_BOOL_CONVERSION = YES;
				CLANG_WARN_COMMA = YES;
				CLANG_WARN_CONSTANT_CONVERSION = YES;
				CLANG_WARN_DEPRECATED_OBJC_IMPLEMENTATIONS = YES;
				CLANG_WARN_DIRECT_OBJC_ISA_USAGE = YES_ERROR;
				CLANG_WARN_DOCUMENTATION_COMMENTS = YES;
				CLANG_WARN_EMPTY_BODY = YES;
				CLANG_WARN_ENUM_CONVERSION = YES;
				CLANG_WARN_INFINITE_RECURSION = YES;
				CLANG_WARN_INT_CONVERSION = YES;
				CLANG_WARN_NON_LITERAL_NULL_CONVERSION = YES;
				CLANG_WARN_OBJC_IMPLICIT_RETAIN_SELF = YES;
				CLANG_WARN_OBJC_LITERAL_CONVERSION = YES;
				CLANG_WARN_OBJC_ROOT_CLASS = YES_ERROR;
				CLANG_WARN_QUOTED_INCLUDE_IN_FRAMEWORK_HEADER = YES;
				CLANG_WARN_RANGE_LOOP_ANALYSIS = YES;
				CLANG_WARN_STRICT_PROTOTYPES = YES;
				CLANG_WARN_SUSPICIOUS_MOVE = YES;
				CLANG_WARN_UNGUARDED_AVAILABILITY = YES_AGGRESSIVE;
				CLANG_WARN_UNREACHABLE_CODE = YES;
				CLANG_WARN__DUPLICATE_METHOD_MATCH = YES;
				COPY_PHASE_STRIP = NO;
				DEBUG_INFORMATION_FORMAT = "dwarf-with-dsym";
				ENABLE_NS_ASSERTIONS = NO;
				ENABLE_STRICT_OBJC_MSGSEND = YES;
				GCC_C_LANGUAGE_STANDARD = gnu11;
				GCC_NO_COMMON_BLOCKS = YES;
				GCC_WARN_64_TO_32_BIT_CONVERSION = YES;
				GCC_WARN_ABOUT_RETURN_TYPE = YES_ERROR;
				GCC_WARN_UNDECLARED_SELECTOR = YES;
				GCC_WARN_UNINITIALIZED_AUTOS = YES_AGGRESSIVE;
				GCC_WARN_UNUSED_FUNCTION = YES;
				GCC_WARN_UNUSED_VARIABLE = YES;
				MACOSX_DEPLOYMENT_TARGET = 11.1;
				MTL_ENABLE_DEBUG_INFO = NO;
				MTL_FAST_MATH = YES;
				SDKROOT = macosx;
			};
			name = Release;
		};
		7F65066C25B74D0500EB360D /* Debug */ = {
			isa = XCBuildConfiguration;
			buildSettings = {
				CODE_SIGN_IDENTITY = "-";
				CODE_SIGN_STYLE = Automatic;
				GCC_VERSION = "";
				PRODUCT_NAME = "$(TARGET_NAME)";
			};
			name = Debug;
		};
		7F65066D25B74D0500EB360D /* Release */ = {
			isa = XCBuildConfiguration;
			buildSettings = {
				CODE_SIGN_IDENTITY = "-";
				CODE_SIGN_STYLE = Automatic;
				GCC_VERSION = "";
				PRODUCT_NAME = "$(TARGET_NAME)";
			};
			name = Release;
		};
		7F73FC5D25C4706C00BF96E7 /* Debug */ = {
			isa = XCBuildConfiguration;
			buildSettings = {
				CODE_SIGN_STYLE = Automatic;
				PRODUCT_NAME = "$(TARGET_NAME)";
			};
			name = Debug;
		};
		7F73FC5E25C4706C00BF96E7 /* Release */ = {
			isa = XCBuildConfiguration;
			buildSettings = {
				CODE_SIGN_STYLE = Automatic;
				PRODUCT_NAME = "$(TARGET_NAME)";
			};
			name = Release;
		};
		7FE3E46225C44B47004E6A7F /* Debug */ = {
			isa = XCBuildConfiguration;
			buildSettings = {
				CODE_SIGN_STYLE = Automatic;
				PRODUCT_NAME = "$(TARGET_NAME)";
			};
			name = Debug;
		};
		7FE3E46325C44B47004E6A7F /* Release */ = {
			isa = XCBuildConfiguration;
			buildSettings = {
				CODE_SIGN_STYLE = Automatic;
				PRODUCT_NAME = "$(TARGET_NAME)";
			};
			name = Release;
		};
		7FE3E47225C44C37004E6A7F /* Debug */ = {
			isa = XCBuildConfiguration;
			buildSettings = {
				CODE_SIGN_STYLE = Automatic;
				PRODUCT_NAME = "$(TARGET_NAME)";
			};
			name = Debug;
		};
		7FE3E47325C44C37004E6A7F /* Release */ = {
			isa = XCBuildConfiguration;
			buildSettings = {
				CODE_SIGN_STYLE = Automatic;
				PRODUCT_NAME = "$(TARGET_NAME)";
			};
			name = Release;
		};
		7FE3E48725C44C67004E6A7F /* Debug */ = {
			isa = XCBuildConfiguration;
			buildSettings = {
				CODE_SIGN_STYLE = Automatic;
				PRODUCT_NAME = "$(TARGET_NAME)";
			};
			name = Debug;
		};
		7FE3E48825C44C67004E6A7F /* Release */ = {
			isa = XCBuildConfiguration;
			buildSettings = {
				CODE_SIGN_STYLE = Automatic;
				PRODUCT_NAME = "$(TARGET_NAME)";
			};
			name = Release;
		};
/* End XCBuildConfiguration section */

/* Begin XCConfigurationList section */
		7F51E19A25C4519E00B87EB1 /* Build configuration list for PBXNativeTarget "Lab 3" */ = {
			isa = XCConfigurationList;
			buildConfigurations = (
				7F51E19825C4519E00B87EB1 /* Debug */,
				7F51E19925C4519E00B87EB1 /* Release */,
			);
			defaultConfigurationIsVisible = 0;
			defaultConfigurationName = Release;
		};
		7F65065F25B74D0500EB360D /* Build configuration list for PBXProject "ES2C4" */ = {
			isa = XCConfigurationList;
			buildConfigurations = (
				7F65066925B74D0500EB360D /* Debug */,
				7F65066A25B74D0500EB360D /* Release */,
			);
			defaultConfigurationIsVisible = 0;
			defaultConfigurationName = Release;
		};
		7F65066B25B74D0500EB360D /* Build configuration list for PBXNativeTarget "Lab 1" */ = {
			isa = XCConfigurationList;
			buildConfigurations = (
				7F65066C25B74D0500EB360D /* Debug */,
				7F65066D25B74D0500EB360D /* Release */,
			);
			defaultConfigurationIsVisible = 0;
			defaultConfigurationName = Release;
		};
		7F73FC5F25C4706C00BF96E7 /* Build configuration list for PBXNativeTarget "Assessment 1 Task 1" */ = {
			isa = XCConfigurationList;
			buildConfigurations = (
				7F73FC5D25C4706C00BF96E7 /* Debug */,
				7F73FC5E25C4706C00BF96E7 /* Release */,
			);
			defaultConfigurationIsVisible = 0;
			defaultConfigurationName = Release;
		};
		7FE3E46425C44B47004E6A7F /* Build configuration list for PBXNativeTarget "Lab 3 Guided" */ = {
			isa = XCConfigurationList;
			buildConfigurations = (
				7FE3E46225C44B47004E6A7F /* Debug */,
				7FE3E46325C44B47004E6A7F /* Release */,
			);
			defaultConfigurationIsVisible = 0;
			defaultConfigurationName = Release;
		};
		7FE3E47125C44C37004E6A7F /* Build configuration list for PBXNativeTarget "Lab 2 Guided" */ = {
			isa = XCConfigurationList;
			buildConfigurations = (
				7FE3E47225C44C37004E6A7F /* Debug */,
				7FE3E47325C44C37004E6A7F /* Release */,
			);
			defaultConfigurationIsVisible = 0;
			defaultConfigurationName = Release;
		};
		7FE3E48625C44C67004E6A7F /* Build configuration list for PBXNativeTarget "Lab 2" */ = {
			isa = XCConfigurationList;
			buildConfigurations = (
				7FE3E48725C44C67004E6A7F /* Debug */,
				7FE3E48825C44C67004E6A7F /* Release */,
			);
			defaultConfigurationIsVisible = 0;
			defaultConfigurationName = Release;
		};
/* End XCConfigurationList section */
	};
	rootObject = 7F65065C25B74D0500EB360D /* Project object */;
}
